// !$*UTF8*$!
{
	archiveVersion = 1;
	classes = {
	};
	objectVersion = 46;
	objects = {

/* Begin PBXBuildFile section */
		839E1E9E1F5353D900075691 /* AppDelegate.swift in Sources */ = {isa = PBXBuildFile; fileRef = 839E1E9D1F5353D900075691 /* AppDelegate.swift */; };
		839E1EA01F5353D900075691 /* ViewController.swift in Sources */ = {isa = PBXBuildFile; fileRef = 839E1E9F1F5353D900075691 /* ViewController.swift */; };
		839E1EA31F5353D900075691 /* Main.storyboard in Resources */ = {isa = PBXBuildFile; fileRef = 839E1EA11F5353D900075691 /* Main.storyboard */; };
		839E1EA51F5353D900075691 /* Assets.xcassets in Resources */ = {isa = PBXBuildFile; fileRef = 839E1EA41F5353D900075691 /* Assets.xcassets */; };
		839E1EA81F5353D900075691 /* LaunchScreen.storyboard in Resources */ = {isa = PBXBuildFile; fileRef = 839E1EA61F5353D900075691 /* LaunchScreen.storyboard */; };
		839E1EB21F5354ED00075691 /* dodream.jpg in Resources */ = {isa = PBXBuildFile; fileRef = 839E1EB11F5354ED00075691 /* dodream.jpg */; };
		839E1EB41F53555900075691 /* zico.png in Resources */ = {isa = PBXBuildFile; fileRef = 839E1EB31F53555900075691 /* zico.png */; };
/* End PBXBuildFile section */

/* Begin PBXFileReference section */
		839E1E9A1F5353D900075691 /* MoviePlayer.app */ = {isa = PBXFileReference; explicitFileType = wrapper.application; includeInIndex = 0; path = MoviePlayer.app; sourceTree = BUILT_PRODUCTS_DIR; };
		839E1E9D1F5353D900075691 /* AppDelegate.swift */ = {isa = PBXFileReference; lastKnownFileType = sourcecode.swift; path = AppDelegate.swift; sourceTree = "<group>"; };
		839E1E9F1F5353D900075691 /* ViewController.swift */ = {isa = PBXFileReference; lastKnownFileType = sourcecode.swift; path = ViewController.swift; sourceTree = "<group>"; };
		839E1EA21F5353D900075691 /* Base */ = {isa = PBXFileReference; lastKnownFileType = file.storyboard; name = Base; path = Base.lproj/Main.storyboard; sourceTree = "<group>"; };
		839E1EA41F5353D900075691 /* Assets.xcassets */ = {isa = PBXFileReference; lastKnownFileType = folder.assetcatalog; path = Assets.xcassets; sourceTree = "<group>"; };
		839E1EA71F5353D900075691 /* Base */ = {isa = PBXFileReference; lastKnownFileType = file.storyboard; name = Base; path = Base.lproj/LaunchScreen.storyboard; sourceTree = "<group>"; };
		839E1EA91F5353D900075691 /* Info.plist */ = {isa = PBXFileReference; lastKnownFileType = text.plist.xml; path = Info.plist; sourceTree = "<group>"; };
		839E1EB11F5354ED00075691 /* dodream.jpg */ = {isa = PBXFileReference; lastKnownFileType = image.jpeg; path = dodream.jpg; sourceTree = "<group>"; };
		839E1EB31F53555900075691 /* zico.png */ = {isa = PBXFileReference; lastKnownFileType = image.png; path = zico.png; sourceTree = "<group>"; };
/* End PBXFileReference section */

/* Begin PBXFrameworksBuildPhase section */
		839E1E971F5353D900075691 /* Frameworks */ = {
			isa = PBXFrameworksBuildPhase;
			buildActionMask = 2147483647;
			files = (
			);
			runOnlyForDeploymentPostprocessing = 0;
		};
/* End PBXFrameworksBuildPhase section */

/* Begin PBXGroup section */
		839E1E911F5353D900075691 = {
			isa = PBXGroup;
			children = (
				839E1E9C1F5353D900075691 /* MoviePlayer */,
				839E1E9B1F5353D900075691 /* Products */,
			);
			sourceTree = "<group>";
		};
		839E1E9B1F5353D900075691 /* Products */ = {
			isa = PBXGroup;
			children = (
				839E1E9A1F5353D900075691 /* MoviePlayer.app */,
			);
			name = Products;
			sourceTree = "<group>";
		};
		839E1E9C1F5353D900075691 /* MoviePlayer */ = {
			isa = PBXGroup;
			children = (
				839E1EAF1F53540200075691 /* image_movie */,
				839E1E9D1F5353D900075691 /* AppDelegate.swift */,
				839E1E9F1F5353D900075691 /* ViewController.swift */,
				839E1EA11F5353D900075691 /* Main.storyboard */,
				839E1EA41F5353D900075691 /* Assets.xcassets */,
				839E1EA61F5353D900075691 /* LaunchScreen.storyboard */,
				839E1EA91F5353D900075691 /* Info.plist */,
			);
			path = MoviePlayer;
			sourceTree = "<group>";
		};
		839E1EAF1F53540200075691 /* image_movie */ = {
			isa = PBXGroup;
			children = (
				839E1EB31F53555900075691 /* zico.png */,
				839E1EB11F5354ED00075691 /* dodream.jpg */,
			);
			name = image_movie;
			sourceTree = "<group>";
		};
/* End PBXGroup section */

/* Begin PBXNativeTarget section */
		839E1E991F5353D900075691 /* MoviePlayer */ = {
			isa = PBXNativeTarget;
			buildConfigurationList = 839E1EAC1F5353D900075691 /* Build configuration list for PBXNativeTarget "MoviePlayer" */;
			buildPhases = (
				839E1E961F5353D900075691 /* Sources */,
				839E1E971F5353D900075691 /* Frameworks */,
				839E1E981F5353D900075691 /* Resources */,
			);
			buildRules = (
			);
			dependencies = (
			);
			name = MoviePlayer;
			productName = MoviePlayer;
			productReference = 839E1E9A1F5353D900075691 /* MoviePlayer.app */;
			productType = "com.apple.product-type.application";
		};
/* End PBXNativeTarget section */

/* Begin PBXProject section */
		839E1E921F5353D900075691 /* Project object */ = {
			isa = PBXProject;
			attributes = {
				LastSwiftUpdateCheck = 0830;
				LastUpgradeCheck = 0830;
				ORGANIZATIONNAME = "Tae Jun Park";
				TargetAttributes = {
					839E1E991F5353D900075691 = {
						CreatedOnToolsVersion = 8.3.3;
						DevelopmentTeam = AA6T9N6F3U;
						ProvisioningStyle = Automatic;
					};
				};
			};
			buildConfigurationList = 839E1E951F5353D900075691 /* Build configuration list for PBXProject "MoviePlayer" */;
			compatibilityVersion = "Xcode 3.2";
			developmentRegion = English;
			hasScannedForEncodings = 0;
			knownRegions = (
				en,
				Base,
			);
			mainGroup = 839E1E911F5353D900075691;
			productRefGroup = 839E1E9B1F5353D900075691 /* Products */;
			projectDirPath = "";
			projectRoot = "";
			targets = (
				839E1E991F5353D900075691 /* MoviePlayer */,
			);
		};
/* End PBXProject section */

/* Begin PBXResourcesBuildPhase section */
		839E1E981F5353D900075691 /* Resources */ = {
			isa = PBXResourcesBuildPhase;
			buildActionMask = 2147483647;
			files = (
				839E1EA81F5353D900075691 /* LaunchScreen.storyboard in Resources */,
				839E1EB41F53555900075691 /* zico.png in Resources */,
				839E1EA51F5353D900075691 /* Assets.xcassets in Resources */,
				839E1EB21F5354ED00075691 /* dodream.jpg in Resources */,
				839E1EA31F5353D900075691 /* Main.storyboard in Resources */,
			);
			runOnlyForDeploymentPostprocessing = 0;
		};
/* End PBXResourcesBuildPhase section */

/* Begin PBXSourcesBuildPhase section */
		839E1E961F5353D900075691 /* Sources */ = {
			isa = PBXSourcesBuildPhase;
			buildActionMask = 2147483647;
			files = (
				839E1EA01F5353D900075691 /* ViewController.swift in Sources */,
				839E1E9E1F5353D900075691 /* AppDelegate.swift in Sources */,
			);
			runOnlyForDeploymentPostprocessing = 0;
		};
/* End PBXSourcesBuildPhase section */

/* Begin PBXVariantGroup section */
		839E1EA11F5353D900075691 /* Main.storyboard */ = {
			isa = PBXVariantGroup;
			children = (
				839E1EA21F5353D900075691 /* Base */,
			);
			name = Main.storyboard;
			sourceTree = "<group>";
		};
		839E1EA61F5353D900075691 /* LaunchScreen.storyboard */ = {
			isa = PBXVariantGroup;
			children = (
				839E1EA71F5353D900075691 /* Base */,
			);
			name = LaunchScreen.storyboard;
			sourceTree = "<group>";
		};
/* End PBXVariantGroup section */

/* Begin XCBuildConfiguration section */
		839E1EAA1F5353D900075691 /* Debug */ = {
			isa = XCBuildConfiguration;
			buildSettings = {
				ALWAYS_SEARCH_USER_PATHS = NO;
				CLANG_ANALYZER_NONNULL = YES;
				CLANG_ANALYZER_NUMBER_OBJECT_CONVERSION = YES_AGGRESSIVE;
				CLANG_CXX_LANGUAGE_STANDARD = "gnu++0x";
				CLANG_CXX_LIBRARY = "libc++";
				CLANG_ENABLE_MODULES = YES;
				CLANG_ENABLE_OBJC_ARC = YES;
				CLANG_WARN_BOOL_CONVERSION = YES;
				CLANG_WARN_CONSTANT_CONVERSION = YES;
				CLANG_WARN_DIRECT_OBJC_ISA_USAGE = YES_ERROR;
				CLANG_WARN_DOCUMENTATION_COMMENTS = YES;
				CLANG_WARN_EMPTY_BODY = YES;
				CLANG_WARN_ENUM_CONVERSION = YES;
				CLANG_WARN_INFINITE_RECURSION = YES;
				CLANG_WARN_INT_CONVERSION = YES;
				CLANG_WARN_OBJC_ROOT_CLASS = YES_ERROR;
				CLANG_WARN_SUSPICIOUS_MOVE = YES;
				CLANG_WARN_UNREACHABLE_CODE = YES;
				CLANG_WARN__DUPLICATE_METHOD_MATCH = YES;
				"CODE_SIGN_IDENTITY[sdk=iphoneos*]" = "iPhone Developer";
				COPY_PHASE_STRIP = NO;
				DEBUG_INFORMATION_FORMAT = dwarf;
				ENABLE_STRICT_OBJC_MSGSEND = YES;
				ENABLE_TESTABILITY = YES;
				GCC_C_LANGUAGE_STANDARD = gnu99;
				GCC_DYNAMIC_NO_PIC = NO;
				GCC_NO_COMMON_BLOCKS = YES;
				GCC_OPTIMIZATION_LEVEL = 0;
				GCC_PREPROCESSOR_DEFINITIONS = (
					"DEBUG=1",
					"$(inherited)",
				);
				GCC_WARN_64_TO_32_BIT_CONVERSION = YES;
				GCC_WARN_ABOUT_RETURN_TYPE = YES_ERROR;
				GCC_WARN_UNDECLARED_SELECTOR = YES;
				GCC_WARN_UNINITIALIZED_AUTOS = YES_AGGRESSIVE;
				GCC_WARN_UNUSED_FUNCTION = YES;
				GCC_WARN_UNUSED_VARIABLE = YES;
				IPHONEOS_DEPLOYMENT_TARGET = 10.3;
				MTL_ENABLE_DEBUG_INFO = YES;
				ONLY_ACTIVE_ARCH = YES;
				SDKROOT = iphoneos;
				SWIFT_ACTIVE_COMPILATION_CONDITIONS = DEBUG;
				SWIFT_OPTIMIZATION_LEVEL = "-Onone";
			};
			name = Debug;
		};
		839E1EAB1F5353D900075691 /* Release */ = {
			isa = XCBuildConfiguration;
			buildSettings = {
				ALWAYS_SEARCH_USER_PATHS = NO;
				CLANG_ANALYZER_NONNULL = YES;
				CLANG_ANALYZER_NUMBER_OBJECT_CONVERSION = YES_AGGRESSIVE;
				CLANG_CXX_LANGUAGE_STANDARD = "gnu++0x";
				CLANG_CXX_LIBRARY = "libc++";
				CLANG_ENABLE_MODULES = YES;
				CLANG_ENABLE_OBJC_ARC = YES;
				CLANG_WARN_BOOL_CONVERSION = YES;
				CLANG_WARN_CONSTANT_CONVERSION = YES;
				CLANG_WARN_DIRECT_OBJC_ISA_USAGE = YES_ERROR;
				CLANG_WARN_DOCUMENTATION_COMMENTS = YES;
				CLANG_WARN_EMPTY_BODY = YES;
				CLANG_WARN_ENUM_CONVERSION = YES;
				CLANG_WARN_INFINITE_RECURSION = YES;
				CLANG_WARN_INT_CONVERSION = YES;
				CLANG_WARN_OBJC_ROOT_CLASS = YES_ERROR;
				CLANG_WARN_SUSPICIOUS_MOVE = YES;
				CLANG_WARN_UNREACHABLE_CODE = YES;
				CLANG_WARN__DUPLICATE_METHOD_MATCH = YES;
				"CODE_SIGN_IDENTITY[sdk=iphoneos*]" = "iPhone Developer";
				COPY_PHASE_STRIP = NO;
				DEBUG_INFORMATION_FORMAT = "dwarf-with-dsym";
				ENABLE_NS_ASSERTIONS = NO;
				ENABLE_STRICT_OBJC_MSGSEND = YES;
				GCC_C_LANGUAGE_STANDARD = gnu99;
				GCC_NO_COMMON_BLOCKS = YES;
				GCC_WARN_64_TO_32_BIT_CONVERSION = YES;
				GCC_WARN_ABOUT_RETURN_TYPE = YES_ERROR;
				GCC_WARN_UNDECLARED_SELECTOR = YES;
				GCC_WARN_UNINITIALIZED_AUTOS = YES_AGGRESSIVE;
				GCC_WARN_UNUSED_FUNCTION = YES;
				GCC_WARN_UNUSED_VARIABLE = YES;
				IPHONEOS_DEPLOYMENT_TARGET = 10.3;
				MTL_ENABLE_DEBUG_INFO = NO;
				SDKROOT = iphoneos;
				SWIFT_OPTIMIZATION_LEVEL = "-Owholemodule";
				VALIDATE_PRODUCT = YES;
			};
			name = Release;
		};
		839E1EAD1F5353D900075691 /* Debug */ = {
			isa = XCBuildConfiguration;
			buildSettings = {
				ASSETCATALOG_COMPILER_APPICON_NAME = AppIcon;
				DEVELOPMENT_TEAM = AA6T9N6F3U;
				INFOPLIST_FILE = MoviePlayer/Info.plist;
				LD_RUNPATH_SEARCH_PATHS = "$(inherited) @executable_path/Frameworks";
				PRODUCT_BUNDLE_IDENTIFIER = puze8681.MoviePlayer;
				PRODUCT_NAME = "$(TARGET_NAME)";
				SWIFT_VERSION = 3.0;
			};
			name = Debug;
		};
		839E1EAE1F5353D900075691 /* Release */ = {
			isa = XCBuildConfiguration;
			buildSettings = {
				ASSETCATALOG_COMPILER_APPICON_NAME = AppIcon;
				DEVELOPMENT_TEAM = AA6T9N6F3U;
				INFOPLIST_FILE = MoviePlayer/Info.plist;
				LD_RUNPATH_SEARCH_PATHS = "$(inherited) @executable_path/Frameworks";
				PRODUCT_BUNDLE_IDENTIFIER = puze8681.MoviePlayer;
				PRODUCT_NAME = "$(TARGET_NAME)";
				SWIFT_VERSION = 3.0;
			};
			name = Release;
		};
/* End XCBuildConfiguration section */

/* Begin XCConfigurationList section */
		839E1E951F5353D900075691 /* Build configuration list for PBXProject "MoviePlayer" */ = {
			isa = XCConfigurationList;
			buildConfigurations = (
				839E1EAA1F5353D900075691 /* Debug */,
				839E1EAB1F5353D900075691 /* Release */,
			);
			defaultConfigurationIsVisible = 0;
			defaultConfigurationName = Release;
		};
		839E1EAC1F5353D900075691 /* Build configuration list for PBXNativeTarget "MoviePlayer" */ = {
			isa = XCConfigurationList;
			buildConfigurations = (
				839E1EAD1F5353D900075691 /* Debug */,
				839E1EAE1F5353D900075691 /* Release */,
			);
			defaultConfigurationIsVisible = 0;
			defaultConfigurationName = Release;
		};
/* End XCConfigurationList section */
	};
	rootObject = 839E1E921F5353D900075691 /* Project object */;
}
