// !$*UTF8*$!
{
	archiveVersion = 1;
	classes = {
	};
	objectVersion = 46;
	objects = {

/* Begin PBXBuildFile section */
		83235A3E1F548FAA00FBC994 /* AppDelegate.swift in Sources */ = {isa = PBXBuildFile; fileRef = 83235A3D1F548FAA00FBC994 /* AppDelegate.swift */; };
		83235A401F548FAA00FBC994 /* ViewController.swift in Sources */ = {isa = PBXBuildFile; fileRef = 83235A3F1F548FAA00FBC994 /* ViewController.swift */; };
		83235A431F548FAA00FBC994 /* Main.storyboard in Resources */ = {isa = PBXBuildFile; fileRef = 83235A411F548FAA00FBC994 /* Main.storyboard */; };
		83235A451F548FAA00FBC994 /* Assets.xcassets in Resources */ = {isa = PBXBuildFile; fileRef = 83235A441F548FAA00FBC994 /* Assets.xcassets */; };
		83235A481F548FAA00FBC994 /* LaunchScreen.storyboard in Resources */ = {isa = PBXBuildFile; fileRef = 83235A461F548FAA00FBC994 /* LaunchScreen.storyboard */; };
		83235A501F548FC600FBC994 /* image.jpg in Resources */ = {isa = PBXBuildFile; fileRef = 83235A4F1F548FC600FBC994 /* image.jpg */; };
/* End PBXBuildFile section */

/* Begin PBXFileReference section */
		83235A3A1F548FAA00FBC994 /* ImagePinchGesture.app */ = {isa = PBXFileReference; explicitFileType = wrapper.application; includeInIndex = 0; path = ImagePinchGesture.app; sourceTree = BUILT_PRODUCTS_DIR; };
		83235A3D1F548FAA00FBC994 /* AppDelegate.swift */ = {isa = PBXFileReference; lastKnownFileType = sourcecode.swift; path = AppDelegate.swift; sourceTree = "<group>"; };
		83235A3F1F548FAA00FBC994 /* ViewController.swift */ = {isa = PBXFileReference; lastKnownFileType = sourcecode.swift; path = ViewController.swift; sourceTree = "<group>"; };
		83235A421F548FAA00FBC994 /* Base */ = {isa = PBXFileReference; lastKnownFileType = file.storyboard; name = Base; path = Base.lproj/Main.storyboard; sourceTree = "<group>"; };
		83235A441F548FAA00FBC994 /* Assets.xcassets */ = {isa = PBXFileReference; lastKnownFileType = folder.assetcatalog; path = Assets.xcassets; sourceTree = "<group>"; };
		83235A471F548FAA00FBC994 /* Base */ = {isa = PBXFileReference; lastKnownFileType = file.storyboard; name = Base; path = Base.lproj/LaunchScreen.storyboard; sourceTree = "<group>"; };
		83235A491F548FAA00FBC994 /* Info.plist */ = {isa = PBXFileReference; lastKnownFileType = text.plist.xml; path = Info.plist; sourceTree = "<group>"; };
		83235A4F1F548FC600FBC994 /* image.jpg */ = {isa = PBXFileReference; lastKnownFileType = image.jpeg; path = image.jpg; sourceTree = "<group>"; };
/* End PBXFileReference section */

/* Begin PBXFrameworksBuildPhase section */
		83235A371F548FAA00FBC994 /* Frameworks */ = {
			isa = PBXFrameworksBuildPhase;
			buildActionMask = 2147483647;
			files = (
			);
			runOnlyForDeploymentPostprocessing = 0;
		};
/* End PBXFrameworksBuildPhase section */

/* Begin PBXGroup section */
		83235A311F548FAA00FBC994 = {
			isa = PBXGroup;
			children = (
				83235A3C1F548FAA00FBC994 /* ImagePinchGesture */,
				83235A3B1F548FAA00FBC994 /* Products */,
			);
			sourceTree = "<group>";
		};
		83235A3B1F548FAA00FBC994 /* Products */ = {
			isa = PBXGroup;
			children = (
				83235A3A1F548FAA00FBC994 /* ImagePinchGesture.app */,
			);
			name = Products;
			sourceTree = "<group>";
		};
		83235A3C1F548FAA00FBC994 /* ImagePinchGesture */ = {
			isa = PBXGroup;
			children = (
				83235A4F1F548FC600FBC994 /* image.jpg */,
				83235A3D1F548FAA00FBC994 /* AppDelegate.swift */,
				83235A3F1F548FAA00FBC994 /* ViewController.swift */,
				83235A411F548FAA00FBC994 /* Main.storyboard */,
				83235A441F548FAA00FBC994 /* Assets.xcassets */,
				83235A461F548FAA00FBC994 /* LaunchScreen.storyboard */,
				83235A491F548FAA00FBC994 /* Info.plist */,
			);
			path = ImagePinchGesture;
			sourceTree = "<group>";
		};
/* End PBXGroup section */

/* Begin PBXNativeTarget section */
		83235A391F548FAA00FBC994 /* ImagePinchGesture */ = {
			isa = PBXNativeTarget;
			buildConfigurationList = 83235A4C1F548FAA00FBC994 /* Build configuration list for PBXNativeTarget "ImagePinchGesture" */;
			buildPhases = (
				83235A361F548FAA00FBC994 /* Sources */,
				83235A371F548FAA00FBC994 /* Frameworks */,
				83235A381F548FAA00FBC994 /* Resources */,
			);
			buildRules = (
			);
			dependencies = (
			);
			name = ImagePinchGesture;
			productName = ImagePinchGesture;
			productReference = 83235A3A1F548FAA00FBC994 /* ImagePinchGesture.app */;
			productType = "com.apple.product-type.application";
		};
/* End PBXNativeTarget section */

/* Begin PBXProject section */
		83235A321F548FAA00FBC994 /* Project object */ = {
			isa = PBXProject;
			attributes = {
				LastSwiftUpdateCheck = 0830;
				LastUpgradeCheck = 0830;
				ORGANIZATIONNAME = "Tae Jun Park";
				TargetAttributes = {
					83235A391F548FAA00FBC994 = {
						CreatedOnToolsVersion = 8.3.3;
						DevelopmentTeam = AA6T9N6F3U;
						ProvisioningStyle = Automatic;
					};
				};
			};
			buildConfigurationList = 83235A351F548FAA00FBC994 /* Build configuration list for PBXProject "ImagePinchGesture" */;
			compatibilityVersion = "Xcode 3.2";
			developmentRegion = English;
			hasScannedForEncodings = 0;
			knownRegions = (
				en,
				Base,
			);
			mainGroup = 83235A311F548FAA00FBC994;
			productRefGroup = 83235A3B1F548FAA00FBC994 /* Products */;
			projectDirPath = "";
			projectRoot = "";
			targets = (
				83235A391F548FAA00FBC994 /* ImagePinchGesture */,
			);
		};
/* End PBXProject section */

/* Begin PBXResourcesBuildPhase section */
		83235A381F548FAA00FBC994 /* Resources */ = {
			isa = PBXResourcesBuildPhase;
			buildActionMask = 2147483647;
			files = (
				83235A481F548FAA00FBC994 /* LaunchScreen.storyboard in Resources */,
				83235A451F548FAA00FBC994 /* Assets.xcassets in Resources */,
				83235A431F548FAA00FBC994 /* Main.storyboard in Resources */,
				83235A501F548FC600FBC994 /* image.jpg in Resources */,
			);
			runOnlyForDeploymentPostprocessing = 0;
		};
/* End PBXResourcesBuildPhase section */

/* Begin PBXSourcesBuildPhase section */
		83235A361F548FAA00FBC994 /* Sources */ = {
			isa = PBXSourcesBuildPhase;
			buildActionMask = 2147483647;
			files = (
				83235A401F548FAA00FBC994 /* ViewController.swift in Sources */,
				83235A3E1F548FAA00FBC994 /* AppDelegate.swift in Sources */,
			);
			runOnlyForDeploymentPostprocessing = 0;
		};
/* End PBXSourcesBuildPhase section */

/* Begin PBXVariantGroup section */
		83235A411F548FAA00FBC994 /* Main.storyboard */ = {
			isa = PBXVariantGroup;
			children = (
				83235A421F548FAA00FBC994 /* Base */,
			);
			name = Main.storyboard;
			sourceTree = "<group>";
		};
		83235A461F548FAA00FBC994 /* LaunchScreen.storyboard */ = {
			isa = PBXVariantGroup;
			children = (
				83235A471F548FAA00FBC994 /* Base */,
			);
			name = LaunchScreen.storyboard;
			sourceTree = "<group>";
		};
/* End PBXVariantGroup section */

/* Begin XCBuildConfiguration section */
		83235A4A1F548FAA00FBC994 /* Debug */ = {
			isa = XCBuildConfiguration;
			buildSettings = {
				ALWAYS_SEARCH_USER_PATHS = NO;
				CLANG_ANALYZER_NONNULL = YES;
				CLANG_ANALYZER_NUMBER_OBJECT_CONVERSION = YES_AGGRESSIVE;
				CLANG_CXX_LANGUAGE_STANDARD = "gnu++0x";
				CLANG_CXX_LIBRARY = "libc++";
				CLANG_ENABLE_MODULES = YES;
				CLANG_ENABLE_OBJC_ARC = YES;
				CLANG_WARN_BOOL_CONVERSION = YES;
				CLANG_WARN_CONSTANT_CONVERSION = YES;
				CLANG_WARN_DIRECT_OBJC_ISA_USAGE = YES_ERROR;
				CLANG_WARN_DOCUMENTATION_COMMENTS = YES;
				CLANG_WARN_EMPTY_BODY = YES;
				CLANG_WARN_ENUM_CONVERSION = YES;
				CLANG_WARN_INFINITE_RECURSION = YES;
				CLANG_WARN_INT_CONVERSION = YES;
				CLANG_WARN_OBJC_ROOT_CLASS = YES_ERROR;
				CLANG_WARN_SUSPICIOUS_MOVE = YES;
				CLANG_WARN_UNREACHABLE_CODE = YES;
				CLANG_WARN__DUPLICATE_METHOD_MATCH = YES;
				"CODE_SIGN_IDENTITY[sdk=iphoneos*]" = "iPhone Developer";
				COPY_PHASE_STRIP = NO;
				DEBUG_INFORMATION_FORMAT = dwarf;
				ENABLE_STRICT_OBJC_MSGSEND = YES;
				ENABLE_TESTABILITY = YES;
				GCC_C_LANGUAGE_STANDARD = gnu99;
				GCC_DYNAMIC_NO_PIC = NO;
				GCC_NO_COMMON_BLOCKS = YES;
				GCC_OPTIMIZATION_LEVEL = 0;
				GCC_PREPROCESSOR_DEFINITIONS = (
					"DEBUG=1",
					"$(inherited)",
				);
				GCC_WARN_64_TO_32_BIT_CONVERSION = YES;
				GCC_WARN_ABOUT_RETURN_TYPE = YES_ERROR;
				GCC_WARN_UNDECLARED_SELECTOR = YES;
				GCC_WARN_UNINITIALIZED_AUTOS = YES_AGGRESSIVE;
				GCC_WARN_UNUSED_FUNCTION = YES;
				GCC_WARN_UNUSED_VARIABLE = YES;
				IPHONEOS_DEPLOYMENT_TARGET = 10.3;
				MTL_ENABLE_DEBUG_INFO = YES;
				ONLY_ACTIVE_ARCH = YES;
				SDKROOT = iphoneos;
				SWIFT_ACTIVE_COMPILATION_CONDITIONS = DEBUG;
				SWIFT_OPTIMIZATION_LEVEL = "-Onone";
			};
			name = Debug;
		};
		83235A4B1F548FAA00FBC994 /* Release */ = {
			isa = XCBuildConfiguration;
			buildSettings = {
				ALWAYS_SEARCH_USER_PATHS = NO;
				CLANG_ANALYZER_NONNULL = YES;
				CLANG_ANALYZER_NUMBER_OBJECT_CONVERSION = YES_AGGRESSIVE;
				CLANG_CXX_LANGUAGE_STANDARD = "gnu++0x";
				CLANG_CXX_LIBRARY = "libc++";
				CLANG_ENABLE_MODULES = YES;
				CLANG_ENABLE_OBJC_ARC = YES;
				CLANG_WARN_BOOL_CONVERSION = YES;
				CLANG_WARN_CONSTANT_CONVERSION = YES;
				CLANG_WARN_DIRECT_OBJC_ISA_USAGE = YES_ERROR;
				CLANG_WARN_DOCUMENTATION_COMMENTS = YES;
				CLANG_WARN_EMPTY_BODY = YES;
				CLANG_WARN_ENUM_CONVERSION = YES;
				CLANG_WARN_INFINITE_RECURSION = YES;
				CLANG_WARN_INT_CONVERSION = YES;
				CLANG_WARN_OBJC_ROOT_CLASS = YES_ERROR;
				CLANG_WARN_SUSPICIOUS_MOVE = YES;
				CLANG_WARN_UNREACHABLE_CODE = YES;
				CLANG_WARN__DUPLICATE_METHOD_MATCH = YES;
				"CODE_SIGN_IDENTITY[sdk=iphoneos*]" = "iPhone Developer";
				COPY_PHASE_STRIP = NO;
				DEBUG_INFORMATION_FORMAT = "dwarf-with-dsym";
				ENABLE_NS_ASSERTIONS = NO;
				ENABLE_STRICT_OBJC_MSGSEND = YES;
				GCC_C_LANGUAGE_STANDARD = gnu99;
				GCC_NO_COMMON_BLOCKS = YES;
				GCC_WARN_64_TO_32_BIT_CONVERSION = YES;
				GCC_WARN_ABOUT_RETURN_TYPE = YES_ERROR;
				GCC_WARN_UNDECLARED_SELECTOR = YES;
				GCC_WARN_UNINITIALIZED_AUTOS = YES_AGGRESSIVE;
				GCC_WARN_UNUSED_FUNCTION = YES;
				GCC_WARN_UNUSED_VARIABLE = YES;
				IPHONEOS_DEPLOYMENT_TARGET = 10.3;
				MTL_ENABLE_DEBUG_INFO = NO;
				SDKROOT = iphoneos;
				SWIFT_OPTIMIZATION_LEVEL = "-Owholemodule";
				VALIDATE_PRODUCT = YES;
			};
			name = Release;
		};
		83235A4D1F548FAA00FBC994 /* Debug */ = {
			isa = XCBuildConfiguration;
			buildSettings = {
				ASSETCATALOG_COMPILER_APPICON_NAME = AppIcon;
				DEVELOPMENT_TEAM = AA6T9N6F3U;
				INFOPLIST_FILE = ImagePinchGesture/Info.plist;
				LD_RUNPATH_SEARCH_PATHS = "$(inherited) @executable_path/Frameworks";
				PRODUCT_BUNDLE_IDENTIFIER = puze8681.ImagePinchGesture;
				PRODUCT_NAME = "$(TARGET_NAME)";
				SWIFT_VERSION = 3.0;
			};
			name = Debug;
		};
		83235A4E1F548FAA00FBC994 /* Release */ = {
			isa = XCBuildConfiguration;
			buildSettings = {
				ASSETCATALOG_COMPILER_APPICON_NAME = AppIcon;
				DEVELOPMENT_TEAM = AA6T9N6F3U;
				INFOPLIST_FILE = ImagePinchGesture/Info.plist;
				LD_RUNPATH_SEARCH_PATHS = "$(inherited) @executable_path/Frameworks";
				PRODUCT_BUNDLE_IDENTIFIER = puze8681.ImagePinchGesture;
				PRODUCT_NAME = "$(TARGET_NAME)";
				SWIFT_VERSION = 3.0;
			};
			name = Release;
		};
/* End XCBuildConfiguration section */

/* Begin XCConfigurationList section */
		83235A351F548FAA00FBC994 /* Build configuration list for PBXProject "ImagePinchGesture" */ = {
			isa = XCConfigurationList;
			buildConfigurations = (
				83235A4A1F548FAA00FBC994 /* Debug */,
				83235A4B1F548FAA00FBC994 /* Release */,
			);
			defaultConfigurationIsVisible = 0;
			defaultConfigurationName = Release;
		};
		83235A4C1F548FAA00FBC994 /* Build configuration list for PBXNativeTarget "ImagePinchGesture" */ = {
			isa = XCConfigurationList;
			buildConfigurations = (
				83235A4D1F548FAA00FBC994 /* Debug */,
				83235A4E1F548FAA00FBC994 /* Release */,
			);
			defaultConfigurationIsVisible = 0;
		};
/* End XCConfigurationList section */
	};
	rootObject = 83235A321F548FAA00FBC994 /* Project object */;
}
